{
  "version": 4,
  "terraform_version": "0.15.0",
  "serial": 98,
  "lineage": "e800fd56-588c-074e-c1a5-c46cb282c9c7",
  "outputs": {
    "always_on_listener_ip_address": {
      "value": "10.1.0.50",
      "type": "string"
    },
    "sql_health_probe_port": {
      "value": 59999,
      "type": "number"
    },
    "storage_account_name": {
      "value": "sqlhacloudwitnessiim",
      "type": "string"
    },
    "storage_account_primary_access_key": {
      "value": "4FQOAB7WF1CwdyYpUCd7hxKrULAmsLREelvk4sQkYzFetOSCTR7AKn9nvjimHze6Img+tWvIHYQDoLNoKW+dgQ==",
      "type": "string",
      "sensitive": true
    }
  },
  "resources": [
    {
      "mode": "data",
      "type": "azurerm_network_security_group",
      "name": "sqlhagrp",
      "provider": "provider[\"registry.terraform.io/hashicorp/azurerm\"]",
      "instances": [
        {
          "schema_version": 0,
          "attributes": {
            "id": "/subscriptions/ea530251-d69d-4566-9d7a-60d0f85909f3/resourceGroups/sqlserverdemo/providers/Microsoft.Network/networkSecurityGroups/sql-ha-nsg",
            "location": "eastus",
            "name": "sql-ha-nsg",
            "resource_group_name": "sqlserverdemo",
            "security_rule": [],
            "tags": {},
            "timeouts": null
          },
          "sensitive_attributes": []
        }
      ]
    },
    {
      "mode": "data",
      "type": "azurerm_subnet",
      "name": "dbsubnet",
      "provider": "provider[\"registry.terraform.io/hashicorp/azurerm\"]",
      "instances": [
        {
          "schema_version": 0,
          "attributes": {
            "address_prefix": "10.1.0.0/24",
            "address_prefixes": [
              "10.1.0.0/24"
            ],
            "enforce_private_link_endpoint_network_policies": true,
            "enforce_private_link_service_network_policies": false,
            "id": "/subscriptions/ea530251-d69d-4566-9d7a-60d0f85909f3/resourceGroups/sqlserverdemo/providers/Microsoft.Network/virtualNetworks/network-1/subnets/dbsubnet",
            "name": "dbsubnet",
            "network_security_group_id": "",
            "resource_group_name": "sqlserverdemo",
            "route_table_id": "",
            "service_endpoints": [
              "Microsoft.Storage"
            ],
            "timeouts": null,
            "virtual_network_name": "network-1"
          },
          "sensitive_attributes": []
        }
      ]
    },
    {
      "mode": "managed",
      "type": "azurerm_lb",
      "name": "sqlinternalLB",
      "provider": "provider[\"registry.terraform.io/hashicorp/azurerm\"]",
      "instances": [
        {
          "schema_version": 0,
          "attributes": {
            "frontend_ip_configuration": [
              {
                "id": "/subscriptions/ea530251-d69d-4566-9d7a-60d0f85909f3/resourceGroups/sqlserverdemo/providers/Microsoft.Network/loadBalancers/sqlInternalLB/frontendIPConfigurations/sqlInternalLB-fipc",
                "inbound_nat_rules": [],
                "load_balancer_rules": [],
                "name": "sqlInternalLB-fipc",
                "outbound_rules": [],
                "private_ip_address": "10.1.0.50",
                "private_ip_address_allocation": "Static",
                "private_ip_address_version": "IPv4",
                "public_ip_address_id": "",
                "public_ip_prefix_id": "",
                "subnet_id": "/subscriptions/ea530251-d69d-4566-9d7a-60d0f85909f3/resourceGroups/sqlserverdemo/providers/Microsoft.Network/virtualNetworks/network-1/subnets/dbsubnet",
                "zones": null
              }
            ],
            "id": "/subscriptions/ea530251-d69d-4566-9d7a-60d0f85909f3/resourceGroups/sqlserverdemo/providers/Microsoft.Network/loadBalancers/sqlInternalLB",
            "location": "eastus",
            "name": "sqlInternalLB",
            "private_ip_address": "10.1.0.50",
            "private_ip_addresses": [
              "10.1.0.50"
            ],
            "resource_group_name": "sqlserverdemo",
            "sku": "Standard",
            "tags": null,
            "timeouts": null
          },
          "sensitive_attributes": [],
          "private": "eyJlMmJmYjczMC1lY2FhLTExZTYtOGY4OC0zNDM2M2JjN2M0YzAiOnsiY3JlYXRlIjoxODAwMDAwMDAwMDAwLCJkZWxldGUiOjE4MDAwMDAwMDAwMDAsInJlYWQiOjMwMDAwMDAwMDAwMCwidXBkYXRlIjoxODAwMDAwMDAwMDAwfX0=",
          "dependencies": [
            "azurerm_network_interface.sqlserver-nic-1",
            "azurerm_network_interface.sqlserver-nic-2",
            "azurerm_virtual_machine_extension.sql-1-prep",
            "azurerm_virtual_machine_extension.sql-2-prep",
            "azurerm_windows_virtual_machine.sql-1-vm",
            "azurerm_windows_virtual_machine.sql-2-vm",
            "data.azurerm_subnet.dbsubnet"
          ]
        }
      ]
    },
    {
      "mode": "managed",
      "type": "azurerm_lb_backend_address_pool",
      "name": "sqlLBBE",
      "provider": "provider[\"registry.terraform.io/hashicorp/azurerm\"]",
      "instances": [
        {
          "schema_version": 0,
          "attributes": {
            "backend_address": [],
            "backend_ip_configurations": [],
            "id": "/subscriptions/ea530251-d69d-4566-9d7a-60d0f85909f3/resourceGroups/sqlserverdemo/providers/Microsoft.Network/loadBalancers/sqlInternalLB/backendAddressPools/sqlInternalLB-backendpool",
            "load_balancing_rules": [],
            "loadbalancer_id": "/subscriptions/ea530251-d69d-4566-9d7a-60d0f85909f3/resourceGroups/sqlserverdemo/providers/Microsoft.Network/loadBalancers/sqlInternalLB",
            "name": "sqlInternalLB-backendpool",
            "outbound_rules": [],
            "resource_group_name": "sqlserverdemo",
            "timeouts": null
          },
          "sensitive_attributes": [],
          "private": "eyJlMmJmYjczMC1lY2FhLTExZTYtOGY4OC0zNDM2M2JjN2M0YzAiOnsiY3JlYXRlIjoxODAwMDAwMDAwMDAwLCJkZWxldGUiOjE4MDAwMDAwMDAwMDAsInJlYWQiOjMwMDAwMDAwMDAwMCwidXBkYXRlIjoxODAwMDAwMDAwMDAwfX0=",
          "dependencies": [
            "azurerm_lb.sqlinternalLB",
            "azurerm_network_interface.sqlserver-nic-1",
            "azurerm_network_interface.sqlserver-nic-2",
            "azurerm_virtual_machine_extension.sql-1-prep",
            "azurerm_virtual_machine_extension.sql-2-prep",
            "azurerm_windows_virtual_machine.sql-1-vm",
            "azurerm_windows_virtual_machine.sql-2-vm",
            "data.azurerm_subnet.dbsubnet"
          ]
        }
      ]
    },
    {
      "mode": "managed",
      "type": "azurerm_lb_probe",
      "name": "sqlLBProbe",
      "provider": "provider[\"registry.terraform.io/hashicorp/azurerm\"]",
      "instances": [
        {
          "schema_version": 0,
          "attributes": {
            "id": "/subscriptions/ea530251-d69d-4566-9d7a-60d0f85909f3/resourceGroups/sqlserverdemo/providers/Microsoft.Network/loadBalancers/sqlInternalLB/probes/sqlInternalLB-SQLAOProbe",
            "interval_in_seconds": 5,
            "load_balancer_rules": [],
            "loadbalancer_id": "/subscriptions/ea530251-d69d-4566-9d7a-60d0f85909f3/resourceGroups/sqlserverdemo/providers/Microsoft.Network/loadBalancers/sqlInternalLB",
            "name": "sqlInternalLB-SQLAOProbe",
            "number_of_probes": 2,
            "port": 59999,
            "protocol": "Tcp",
            "request_path": "",
            "resource_group_name": "sqlserverdemo",
            "timeouts": null
          },
          "sensitive_attributes": [],
          "private": "eyJlMmJmYjczMC1lY2FhLTExZTYtOGY4OC0zNDM2M2JjN2M0YzAiOnsiY3JlYXRlIjoxODAwMDAwMDAwMDAwLCJkZWxldGUiOjE4MDAwMDAwMDAwMDAsInJlYWQiOjMwMDAwMDAwMDAwMCwidXBkYXRlIjoxODAwMDAwMDAwMDAwfX0=",
          "dependencies": [
            "azurerm_lb.sqlinternalLB",
            "azurerm_network_interface.sqlserver-nic-1",
            "azurerm_network_interface.sqlserver-nic-2",
            "azurerm_virtual_machine_extension.sql-1-prep",
            "azurerm_virtual_machine_extension.sql-2-prep",
            "azurerm_windows_virtual_machine.sql-1-vm",
            "azurerm_windows_virtual_machine.sql-2-vm",
            "data.azurerm_subnet.dbsubnet"
          ]
        }
      ]
    },
    {
      "mode": "managed",
      "type": "azurerm_lb_rule",
      "name": "sqlLBRule",
      "provider": "provider[\"registry.terraform.io/hashicorp/azurerm\"]",
      "instances": [
        {
          "schema_version": 0,
          "attributes": {
            "backend_address_pool_id": "/subscriptions/ea530251-d69d-4566-9d7a-60d0f85909f3/resourceGroups/sqlserverdemo/providers/Microsoft.Network/loadBalancers/sqlInternalLB/backendAddressPools/sqlInternalLB-backendpool",
            "backend_port": 1433,
            "disable_outbound_snat": false,
            "enable_floating_ip": true,
            "enable_tcp_reset": false,
            "frontend_ip_configuration_id": "/subscriptions/ea530251-d69d-4566-9d7a-60d0f85909f3/resourceGroups/sqlserverdemo/providers/Microsoft.Network/loadBalancers/sqlInternalLB/frontendIPConfigurations/sqlInternalLB-fipc",
            "frontend_ip_configuration_name": "sqlInternalLB-fipc",
            "frontend_port": 1433,
            "id": "/subscriptions/ea530251-d69d-4566-9d7a-60d0f85909f3/resourceGroups/sqlserverdemo/providers/Microsoft.Network/loadBalancers/sqlInternalLB/loadBalancingRules/sqlInternalLB-lbr",
            "idle_timeout_in_minutes": 4,
            "load_distribution": "Default",
            "loadbalancer_id": "/subscriptions/ea530251-d69d-4566-9d7a-60d0f85909f3/resourceGroups/sqlserverdemo/providers/Microsoft.Network/loadBalancers/sqlInternalLB",
            "name": "sqlInternalLB-lbr",
            "probe_id": "/subscriptions/ea530251-d69d-4566-9d7a-60d0f85909f3/resourceGroups/sqlserverdemo/providers/Microsoft.Network/loadBalancers/sqlInternalLB/probes/sqlInternalLB-SQLAOProbe",
            "protocol": "Tcp",
            "resource_group_name": "sqlserverdemo",
            "timeouts": null
          },
          "sensitive_attributes": [],
          "private": "eyJlMmJmYjczMC1lY2FhLTExZTYtOGY4OC0zNDM2M2JjN2M0YzAiOnsiY3JlYXRlIjoxODAwMDAwMDAwMDAwLCJkZWxldGUiOjE4MDAwMDAwMDAwMDAsInJlYWQiOjMwMDAwMDAwMDAwMCwidXBkYXRlIjoxODAwMDAwMDAwMDAwfX0=",
          "dependencies": [
            "azurerm_lb.sqlinternalLB",
            "azurerm_lb_backend_address_pool.sqlLBBE",
            "azurerm_lb_probe.sqlLBProbe",
            "azurerm_network_interface.sqlserver-nic-1",
            "azurerm_network_interface.sqlserver-nic-2",
            "azurerm_virtual_machine_extension.sql-1-prep",
            "azurerm_virtual_machine_extension.sql-2-prep",
            "azurerm_windows_virtual_machine.sql-1-vm",
            "azurerm_windows_virtual_machine.sql-2-vm",
            "data.azurerm_subnet.dbsubnet"
          ]
        }
      ]
    },
    {
      "mode": "managed",
      "type": "azurerm_managed_disk",
      "name": "sql-1-vm-datadisk",
      "provider": "provider[\"registry.terraform.io/hashicorp/azurerm\"]",
      "instances": [
        {
          "schema_version": 0,
          "attributes": {
            "create_option": "Empty",
            "disk_encryption_set_id": "",
            "disk_iops_read_write": 500,
            "disk_mbps_read_write": 100,
            "disk_size_gb": 127,
            "encryption_settings": [],
            "id": "/subscriptions/ea530251-d69d-4566-9d7a-60d0f85909f3/resourceGroups/sqlserverdemo/providers/Microsoft.Compute/disks/sqlserver-1-datadisk",
            "image_reference_id": "",
            "location": "eastus",
            "name": "sqlserver-1-datadisk",
            "os_type": "",
            "resource_group_name": "sqlserverdemo",
            "source_resource_id": "",
            "source_uri": "",
            "storage_account_id": "",
            "storage_account_type": "Premium_LRS",
            "tags": null,
            "timeouts": null,
            "zones": [
              "1"
            ]
          },
          "sensitive_attributes": [],
          "private": "eyJlMmJmYjczMC1lY2FhLTExZTYtOGY4OC0zNDM2M2JjN2M0YzAiOnsiY3JlYXRlIjoxODAwMDAwMDAwMDAwLCJkZWxldGUiOjE4MDAwMDAwMDAwMDAsInJlYWQiOjMwMDAwMDAwMDAwMCwidXBkYXRlIjoxODAwMDAwMDAwMDAwfX0="
        }
      ]
    },
    {
      "mode": "managed",
      "type": "azurerm_managed_disk",
      "name": "sql-2-vm-datadisk",
      "provider": "provider[\"registry.terraform.io/hashicorp/azurerm\"]",
      "instances": [
        {
          "schema_version": 0,
          "attributes": {
            "create_option": "Empty",
            "disk_encryption_set_id": "",
            "disk_iops_read_write": 500,
            "disk_mbps_read_write": 100,
            "disk_size_gb": 127,
            "encryption_settings": [],
            "id": "/subscriptions/ea530251-d69d-4566-9d7a-60d0f85909f3/resourceGroups/sqlserverdemo/providers/Microsoft.Compute/disks/sqlserver-2-datadisk",
            "image_reference_id": "",
            "location": "eastus",
            "name": "sqlserver-2-datadisk",
            "os_type": "",
            "resource_group_name": "sqlserverdemo",
            "source_resource_id": "",
            "source_uri": "",
            "storage_account_id": "",
            "storage_account_type": "Premium_LRS",
            "tags": null,
            "timeouts": null,
            "zones": [
              "2"
            ]
          },
          "sensitive_attributes": [],
          "private": "eyJlMmJmYjczMC1lY2FhLTExZTYtOGY4OC0zNDM2M2JjN2M0YzAiOnsiY3JlYXRlIjoxODAwMDAwMDAwMDAwLCJkZWxldGUiOjE4MDAwMDAwMDAwMDAsInJlYWQiOjMwMDAwMDAwMDAwMCwidXBkYXRlIjoxODAwMDAwMDAwMDAwfX0="
        }
      ]
    },
    {
      "mode": "managed",
      "type": "azurerm_mssql_virtual_machine",
      "name": "sqlvm-1",
      "provider": "provider[\"registry.terraform.io/hashicorp/azurerm\"]",
      "instances": [
        {
          "schema_version": 0,
          "attributes": {
            "auto_backup": [],
            "auto_patching": [],
            "id": "/subscriptions/ea530251-d69d-4566-9d7a-60d0f85909f3/resourceGroups/sqlserverdemo/providers/Microsoft.SqlVirtualMachine/sqlVirtualMachines/sqlserver-1",
            "key_vault_credential": [],
            "r_services_enabled": false,
            "sql_connectivity_port": 1433,
            "sql_connectivity_type": "PRIVATE",
            "sql_connectivity_update_password": "P@$$w0rd4321!",
            "sql_connectivity_update_username": "sqladmin",
            "sql_license_type": "AHUB",
            "storage_configuration": [
              {
                "data_settings": [
                  {
                    "default_file_path": "X:\\DATA",
                    "luns": [
                      10
                    ]
                  }
                ],
                "disk_type": "NEW",
                "log_settings": [
                  {
                    "default_file_path": "X:\\LOG",
                    "luns": [
                      10
                    ]
                  }
                ],
                "storage_workload_type": "OLTP",
                "temp_db_settings": [
                  {
                    "default_file_path": "X:\\TEMPDB",
                    "luns": [
                      10
                    ]
                  }
                ]
              }
            ],
            "tags": null,
            "timeouts": null,
            "virtual_machine_id": "/subscriptions/ea530251-d69d-4566-9d7a-60d0f85909f3/resourceGroups/sqlserverdemo/providers/Microsoft.Compute/virtualMachines/sqlserver-1"
          },
          "sensitive_attributes": [
            [
              {
                "type": "get_attr",
                "value": "sql_connectivity_update_password"
              }
            ]
          ],
          "private": "eyJlMmJmYjczMC1lY2FhLTExZTYtOGY4OC0zNDM2M2JjN2M0YzAiOnsiY3JlYXRlIjozNjAwMDAwMDAwMDAwLCJkZWxldGUiOjM2MDAwMDAwMDAwMDAsInJlYWQiOjMwMDAwMDAwMDAwMCwidXBkYXRlIjozNjAwMDAwMDAwMDAwfX0=",
          "dependencies": [
            "azurerm_managed_disk.sql-1-vm-datadisk",
            "azurerm_network_interface.sqlserver-nic-1",
            "azurerm_virtual_machine_data_disk_attachment.sql-1-vm-datadisk",
            "azurerm_windows_virtual_machine.sql-1-vm",
            "data.azurerm_subnet.dbsubnet"
          ]
        }
      ]
    },
    {
      "mode": "managed",
      "type": "azurerm_mssql_virtual_machine",
      "name": "sqlvm-2",
      "provider": "provider[\"registry.terraform.io/hashicorp/azurerm\"]",
      "instances": [
        {
          "schema_version": 0,
          "attributes": {
            "auto_backup": [],
            "auto_patching": [],
            "id": "/subscriptions/ea530251-d69d-4566-9d7a-60d0f85909f3/resourceGroups/sqlserverdemo/providers/Microsoft.SqlVirtualMachine/sqlVirtualMachines/sqlserver-2",
            "key_vault_credential": [],
            "r_services_enabled": false,
            "sql_connectivity_port": 1433,
            "sql_connectivity_type": "PRIVATE",
            "sql_connectivity_update_password": "P@$$w0rd4321!",
            "sql_connectivity_update_username": "sqladmin",
            "sql_license_type": "AHUB",
            "storage_configuration": [
              {
                "data_settings": [
                  {
                    "default_file_path": "X:\\DATA",
                    "luns": [
                      10
                    ]
                  }
                ],
                "disk_type": "NEW",
                "log_settings": [
                  {
                    "default_file_path": "X:\\LOG",
                    "luns": [
                      10
                    ]
                  }
                ],
                "storage_workload_type": "OLTP",
                "temp_db_settings": [
                  {
                    "default_file_path": "X:\\TEMPDB",
                    "luns": [
                      10
                    ]
                  }
                ]
              }
            ],
            "tags": null,
            "timeouts": null,
            "virtual_machine_id": "/subscriptions/ea530251-d69d-4566-9d7a-60d0f85909f3/resourceGroups/sqlserverdemo/providers/Microsoft.Compute/virtualMachines/sqlserver-2"
          },
          "sensitive_attributes": [
            [
              {
                "type": "get_attr",
                "value": "sql_connectivity_update_password"
              }
            ]
          ],
          "private": "eyJlMmJmYjczMC1lY2FhLTExZTYtOGY4OC0zNDM2M2JjN2M0YzAiOnsiY3JlYXRlIjozNjAwMDAwMDAwMDAwLCJkZWxldGUiOjM2MDAwMDAwMDAwMDAsInJlYWQiOjMwMDAwMDAwMDAwMCwidXBkYXRlIjozNjAwMDAwMDAwMDAwfX0=",
          "dependencies": [
            "azurerm_managed_disk.sql-2-vm-datadisk",
            "azurerm_network_interface.sqlserver-nic-2",
            "azurerm_virtual_machine_data_disk_attachment.sql-2-vm-datadisk",
            "azurerm_windows_virtual_machine.sql-2-vm",
            "data.azurerm_subnet.dbsubnet"
          ]
        }
      ]
    },
    {
      "mode": "managed",
      "type": "azurerm_network_interface",
      "name": "sqlserver-nic-1",
      "provider": "provider[\"registry.terraform.io/hashicorp/azurerm\"]",
      "instances": [
        {
          "schema_version": 0,
          "attributes": {
            "applied_dns_servers": [],
            "dns_servers": [],
            "enable_accelerated_networking": false,
            "enable_ip_forwarding": false,
            "id": "/subscriptions/ea530251-d69d-4566-9d7a-60d0f85909f3/resourceGroups/sqlserverdemo/providers/Microsoft.Network/networkInterfaces/sqlserver-1-nic",
            "internal_dns_name_label": "",
            "internal_domain_name_suffix": "npvoqptutt4uvcjd5tkxnfl3ie.bx.internal.cloudapp.net",
            "ip_configuration": [
              {
                "name": "sqlserver-1-ipc1",
                "primary": true,
                "private_ip_address": "10.1.0.10",
                "private_ip_address_allocation": "Static",
                "private_ip_address_version": "IPv4",
                "public_ip_address_id": "",
                "subnet_id": "/subscriptions/ea530251-d69d-4566-9d7a-60d0f85909f3/resourceGroups/sqlserverdemo/providers/Microsoft.Network/virtualNetworks/network-1/subnets/dbsubnet"
              }
            ],
            "location": "eastus",
            "mac_address": "",
            "name": "sqlserver-1-nic",
            "private_ip_address": "10.1.0.10",
            "private_ip_addresses": [
              "10.1.0.10"
            ],
            "resource_group_name": "sqlserverdemo",
            "tags": null,
            "timeouts": null,
            "virtual_machine_id": ""
          },
          "sensitive_attributes": [],
          "private": "eyJlMmJmYjczMC1lY2FhLTExZTYtOGY4OC0zNDM2M2JjN2M0YzAiOnsiY3JlYXRlIjoxODAwMDAwMDAwMDAwLCJkZWxldGUiOjE4MDAwMDAwMDAwMDAsInJlYWQiOjMwMDAwMDAwMDAwMCwidXBkYXRlIjoxODAwMDAwMDAwMDAwfX0=",
          "dependencies": [
            "data.azurerm_subnet.dbsubnet"
          ]
        }
      ]
    },
    {
      "mode": "managed",
      "type": "azurerm_network_interface",
      "name": "sqlserver-nic-2",
      "provider": "provider[\"registry.terraform.io/hashicorp/azurerm\"]",
      "instances": [
        {
          "schema_version": 0,
          "attributes": {
            "applied_dns_servers": [],
            "dns_servers": [],
            "enable_accelerated_networking": false,
            "enable_ip_forwarding": false,
            "id": "/subscriptions/ea530251-d69d-4566-9d7a-60d0f85909f3/resourceGroups/sqlserverdemo/providers/Microsoft.Network/networkInterfaces/sqlserver-2-nic",
            "internal_dns_name_label": "",
            "internal_domain_name_suffix": "npvoqptutt4uvcjd5tkxnfl3ie.bx.internal.cloudapp.net",
            "ip_configuration": [
              {
                "name": "sqlserver-2-ipc1",
                "primary": true,
                "private_ip_address": "10.1.0.11",
                "private_ip_address_allocation": "Static",
                "private_ip_address_version": "IPv4",
                "public_ip_address_id": "",
                "subnet_id": "/subscriptions/ea530251-d69d-4566-9d7a-60d0f85909f3/resourceGroups/sqlserverdemo/providers/Microsoft.Network/virtualNetworks/network-1/subnets/dbsubnet"
              }
            ],
            "location": "eastus",
            "mac_address": "",
            "name": "sqlserver-2-nic",
            "private_ip_address": "10.1.0.11",
            "private_ip_addresses": [
              "10.1.0.11"
            ],
            "resource_group_name": "sqlserverdemo",
            "tags": null,
            "timeouts": null,
            "virtual_machine_id": ""
          },
          "sensitive_attributes": [],
          "private": "eyJlMmJmYjczMC1lY2FhLTExZTYtOGY4OC0zNDM2M2JjN2M0YzAiOnsiY3JlYXRlIjoxODAwMDAwMDAwMDAwLCJkZWxldGUiOjE4MDAwMDAwMDAwMDAsInJlYWQiOjMwMDAwMDAwMDAwMCwidXBkYXRlIjoxODAwMDAwMDAwMDAwfX0=",
          "dependencies": [
            "data.azurerm_subnet.dbsubnet"
          ]
        }
      ]
    },
    {
      "mode": "managed",
      "type": "azurerm_network_interface_backend_address_pool_association",
      "name": "sqlvm1BEAssoc",
      "provider": "provider[\"registry.terraform.io/hashicorp/azurerm\"]",
      "instances": [
        {
          "schema_version": 0,
          "attributes": {
            "backend_address_pool_id": "/subscriptions/ea530251-d69d-4566-9d7a-60d0f85909f3/resourceGroups/sqlserverdemo/providers/Microsoft.Network/loadBalancers/sqlInternalLB/backendAddressPools/sqlInternalLB-backendpool",
            "id": "/subscriptions/ea530251-d69d-4566-9d7a-60d0f85909f3/resourceGroups/sqlserverdemo/providers/Microsoft.Network/networkInterfaces/sqlserver-1-nic/ipConfigurations/sqlserver-1-ipc1|/subscriptions/ea530251-d69d-4566-9d7a-60d0f85909f3/resourceGroups/sqlserverdemo/providers/Microsoft.Network/loadBalancers/sqlInternalLB/backendAddressPools/sqlInternalLB-backendpool",
            "ip_configuration_name": "sqlserver-1-ipc1",
            "network_interface_id": "/subscriptions/ea530251-d69d-4566-9d7a-60d0f85909f3/resourceGroups/sqlserverdemo/providers/Microsoft.Network/networkInterfaces/sqlserver-1-nic",
            "timeouts": null
          },
          "sensitive_attributes": [],
          "private": "eyJlMmJmYjczMC1lY2FhLTExZTYtOGY4OC0zNDM2M2JjN2M0YzAiOnsiY3JlYXRlIjoxODAwMDAwMDAwMDAwLCJkZWxldGUiOjE4MDAwMDAwMDAwMDAsInJlYWQiOjMwMDAwMDAwMDAwMCwidXBkYXRlIjoxODAwMDAwMDAwMDAwfX0=",
          "dependencies": [
            "azurerm_lb.sqlinternalLB",
            "azurerm_lb_backend_address_pool.sqlLBBE",
            "azurerm_network_interface.sqlserver-nic-1",
            "azurerm_network_interface.sqlserver-nic-2",
            "azurerm_virtual_machine_extension.sql-1-prep",
            "azurerm_virtual_machine_extension.sql-2-prep",
            "azurerm_windows_virtual_machine.sql-1-vm",
            "azurerm_windows_virtual_machine.sql-2-vm",
            "data.azurerm_subnet.dbsubnet"
          ]
        }
      ]
    },
    {
      "mode": "managed",
      "type": "azurerm_network_interface_backend_address_pool_association",
      "name": "sqlvm2BEAssoc",
      "provider": "provider[\"registry.terraform.io/hashicorp/azurerm\"]",
      "instances": [
        {
          "schema_version": 0,
          "attributes": {
            "backend_address_pool_id": "/subscriptions/ea530251-d69d-4566-9d7a-60d0f85909f3/resourceGroups/sqlserverdemo/providers/Microsoft.Network/loadBalancers/sqlInternalLB/backendAddressPools/sqlInternalLB-backendpool",
            "id": "/subscriptions/ea530251-d69d-4566-9d7a-60d0f85909f3/resourceGroups/sqlserverdemo/providers/Microsoft.Network/networkInterfaces/sqlserver-2-nic/ipConfigurations/sqlserver-2-ipc1|/subscriptions/ea530251-d69d-4566-9d7a-60d0f85909f3/resourceGroups/sqlserverdemo/providers/Microsoft.Network/loadBalancers/sqlInternalLB/backendAddressPools/sqlInternalLB-backendpool",
            "ip_configuration_name": "sqlserver-2-ipc1",
            "network_interface_id": "/subscriptions/ea530251-d69d-4566-9d7a-60d0f85909f3/resourceGroups/sqlserverdemo/providers/Microsoft.Network/networkInterfaces/sqlserver-2-nic",
            "timeouts": null
          },
          "sensitive_attributes": [],
          "private": "eyJlMmJmYjczMC1lY2FhLTExZTYtOGY4OC0zNDM2M2JjN2M0YzAiOnsiY3JlYXRlIjoxODAwMDAwMDAwMDAwLCJkZWxldGUiOjE4MDAwMDAwMDAwMDAsInJlYWQiOjMwMDAwMDAwMDAwMCwidXBkYXRlIjoxODAwMDAwMDAwMDAwfX0=",
          "dependencies": [
            "azurerm_lb.sqlinternalLB",
            "azurerm_lb_backend_address_pool.sqlLBBE",
            "azurerm_network_interface.sqlserver-nic-1",
            "azurerm_network_interface.sqlserver-nic-2",
            "azurerm_virtual_machine_extension.sql-1-prep",
            "azurerm_virtual_machine_extension.sql-2-prep",
            "azurerm_windows_virtual_machine.sql-1-vm",
            "azurerm_windows_virtual_machine.sql-2-vm",
            "data.azurerm_subnet.dbsubnet"
          ]
        }
      ]
    },
    {
      "mode": "managed",
      "type": "azurerm_network_interface_security_group_association",
      "name": "sqlhagrpAsso-sql1",
      "provider": "provider[\"registry.terraform.io/hashicorp/azurerm\"]",
      "instances": [
        {
          "schema_version": 0,
          "attributes": {
            "id": "/subscriptions/ea530251-d69d-4566-9d7a-60d0f85909f3/resourceGroups/sqlserverdemo/providers/Microsoft.Network/networkInterfaces/sqlserver-1-nic|/subscriptions/ea530251-d69d-4566-9d7a-60d0f85909f3/resourceGroups/sqlserverdemo/providers/Microsoft.Network/networkSecurityGroups/sql-ha-nsg",
            "network_interface_id": "/subscriptions/ea530251-d69d-4566-9d7a-60d0f85909f3/resourceGroups/sqlserverdemo/providers/Microsoft.Network/networkInterfaces/sqlserver-1-nic",
            "network_security_group_id": "/subscriptions/ea530251-d69d-4566-9d7a-60d0f85909f3/resourceGroups/sqlserverdemo/providers/Microsoft.Network/networkSecurityGroups/sql-ha-nsg",
            "timeouts": null
          },
          "sensitive_attributes": [],
          "private": "eyJlMmJmYjczMC1lY2FhLTExZTYtOGY4OC0zNDM2M2JjN2M0YzAiOnsiY3JlYXRlIjoxODAwMDAwMDAwMDAwLCJkZWxldGUiOjE4MDAwMDAwMDAwMDAsInJlYWQiOjMwMDAwMDAwMDAwMCwidXBkYXRlIjoxODAwMDAwMDAwMDAwfX0=",
          "dependencies": [
            "azurerm_network_interface.sqlserver-nic-1",
            "data.azurerm_network_security_group.sqlhagrp",
            "data.azurerm_subnet.dbsubnet"
          ]
        }
      ]
    },
    {
      "mode": "managed",
      "type": "azurerm_network_interface_security_group_association",
      "name": "sqlhagrpAsso-sql2",
      "provider": "provider[\"registry.terraform.io/hashicorp/azurerm\"]",
      "instances": [
        {
          "schema_version": 0,
          "attributes": {
            "id": "/subscriptions/ea530251-d69d-4566-9d7a-60d0f85909f3/resourceGroups/sqlserverdemo/providers/Microsoft.Network/networkInterfaces/sqlserver-2-nic|/subscriptions/ea530251-d69d-4566-9d7a-60d0f85909f3/resourceGroups/sqlserverdemo/providers/Microsoft.Network/networkSecurityGroups/sql-ha-nsg",
            "network_interface_id": "/subscriptions/ea530251-d69d-4566-9d7a-60d0f85909f3/resourceGroups/sqlserverdemo/providers/Microsoft.Network/networkInterfaces/sqlserver-2-nic",
            "network_security_group_id": "/subscriptions/ea530251-d69d-4566-9d7a-60d0f85909f3/resourceGroups/sqlserverdemo/providers/Microsoft.Network/networkSecurityGroups/sql-ha-nsg",
            "timeouts": null
          },
          "sensitive_attributes": [],
          "private": "eyJlMmJmYjczMC1lY2FhLTExZTYtOGY4OC0zNDM2M2JjN2M0YzAiOnsiY3JlYXRlIjoxODAwMDAwMDAwMDAwLCJkZWxldGUiOjE4MDAwMDAwMDAwMDAsInJlYWQiOjMwMDAwMDAwMDAwMCwidXBkYXRlIjoxODAwMDAwMDAwMDAwfX0=",
          "dependencies": [
            "azurerm_network_interface.sqlserver-nic-2",
            "data.azurerm_network_security_group.sqlhagrp",
            "data.azurerm_subnet.dbsubnet"
          ]
        }
      ]
    },
    {
      "mode": "managed",
      "type": "azurerm_private_endpoint",
      "name": "cloudwitness-endpoint",
      "provider": "provider[\"registry.terraform.io/hashicorp/azurerm\"]",
      "instances": [
        {
          "schema_version": 0,
          "attributes": {
            "custom_dns_configs": [
              {
                "fqdn": "sqlhacloudwitnessiim.blob.core.windows.net",
                "ip_addresses": [
                  "10.1.0.4"
                ]
              }
            ],
            "id": "/subscriptions/ea530251-d69d-4566-9d7a-60d0f85909f3/resourceGroups/sqlserverdemo/providers/Microsoft.Network/privateEndpoints/sqlhaiim06e-pe",
            "location": "eastus",
            "name": "sqlhaiim06e-pe",
            "private_dns_zone_configs": [],
            "private_dns_zone_group": [],
            "private_service_connection": [
              {
                "is_manual_connection": false,
                "name": "sqlhaiim06e-psc",
                "private_connection_resource_alias": "",
                "private_connection_resource_id": "/subscriptions/ea530251-d69d-4566-9d7a-60d0f85909f3/resourceGroups/sqlserverdemo/providers/Microsoft.Storage/storageAccounts/sqlhacloudwitnessiim",
                "private_ip_address": "10.1.0.4",
                "request_message": "",
                "subresource_names": [
                  "blob"
                ]
              }
            ],
            "resource_group_name": "sqlserverdemo",
            "subnet_id": "/subscriptions/ea530251-d69d-4566-9d7a-60d0f85909f3/resourceGroups/sqlserverdemo/providers/Microsoft.Network/virtualNetworks/network-1/subnets/dbsubnet",
            "tags": null,
            "timeouts": null
          },
          "sensitive_attributes": [],
          "private": "eyJlMmJmYjczMC1lY2FhLTExZTYtOGY4OC0zNDM2M2JjN2M0YzAiOnsiY3JlYXRlIjozNjAwMDAwMDAwMDAwLCJkZWxldGUiOjM2MDAwMDAwMDAwMDAsInJlYWQiOjMwMDAwMDAwMDAwMCwidXBkYXRlIjozNjAwMDAwMDAwMDAwfX0=",
          "dependencies": [
            "azurerm_storage_account.cloudwitness",
            "data.azurerm_subnet.dbsubnet",
            "random_string.accountname"
          ]
        }
      ]
    },
    {
      "mode": "managed",
      "type": "azurerm_storage_account",
      "name": "cloudwitness",
      "provider": "provider[\"registry.terraform.io/hashicorp/azurerm\"]",
      "instances": [
        {
          "schema_version": 2,
          "attributes": {
            "access_tier": "Hot",
            "account_kind": "StorageV2",
            "account_replication_type": "GRS",
            "account_tier": "Standard",
            "allow_blob_public_access": false,
            "blob_properties": [],
            "custom_domain": [],
            "enable_https_traffic_only": true,
            "id": "/subscriptions/ea530251-d69d-4566-9d7a-60d0f85909f3/resourceGroups/sqlserverdemo/providers/Microsoft.Storage/storageAccounts/sqlhacloudwitnessiim",
            "identity": [],
            "is_hns_enabled": false,
            "large_file_share_enabled": null,
            "location": "eastus",
            "min_tls_version": "TLS1_0",
            "name": "sqlhacloudwitnessiim",
            "network_rules": [
              {
                "bypass": [
                  "AzureServices"
                ],
                "default_action": "Allow",
                "ip_rules": [],
                "virtual_network_subnet_ids": []
              }
            ],
            "primary_access_key": "4FQOAB7WF1CwdyYpUCd7hxKrULAmsLREelvk4sQkYzFetOSCTR7AKn9nvjimHze6Img+tWvIHYQDoLNoKW+dgQ==",
            "primary_blob_connection_string": "DefaultEndpointsProtocol=https;BlobEndpoint=https://sqlhacloudwitnessiim.blob.core.windows.net/;AccountName=sqlhacloudwitnessiim;AccountKey=4FQOAB7WF1CwdyYpUCd7hxKrULAmsLREelvk4sQkYzFetOSCTR7AKn9nvjimHze6Img+tWvIHYQDoLNoKW+dgQ==",
            "primary_blob_endpoint": "https://sqlhacloudwitnessiim.blob.core.windows.net/",
            "primary_blob_host": "sqlhacloudwitnessiim.blob.core.windows.net",
            "primary_connection_string": "DefaultEndpointsProtocol=https;AccountName=sqlhacloudwitnessiim;AccountKey=4FQOAB7WF1CwdyYpUCd7hxKrULAmsLREelvk4sQkYzFetOSCTR7AKn9nvjimHze6Img+tWvIHYQDoLNoKW+dgQ==;EndpointSuffix=core.windows.net",
            "primary_dfs_endpoint": "https://sqlhacloudwitnessiim.dfs.core.windows.net/",
            "primary_dfs_host": "sqlhacloudwitnessiim.dfs.core.windows.net",
            "primary_file_endpoint": "https://sqlhacloudwitnessiim.file.core.windows.net/",
            "primary_file_host": "sqlhacloudwitnessiim.file.core.windows.net",
            "primary_location": "eastus",
            "primary_queue_endpoint": "https://sqlhacloudwitnessiim.queue.core.windows.net/",
            "primary_queue_host": "sqlhacloudwitnessiim.queue.core.windows.net",
            "primary_table_endpoint": "https://sqlhacloudwitnessiim.table.core.windows.net/",
            "primary_table_host": "sqlhacloudwitnessiim.table.core.windows.net",
            "primary_web_endpoint": "https://sqlhacloudwitnessiim.z13.web.core.windows.net/",
            "primary_web_host": "sqlhacloudwitnessiim.z13.web.core.windows.net",
            "queue_properties": [
              {
                "cors_rule": [],
                "hour_metrics": [
                  {
                    "enabled": true,
                    "include_apis": true,
                    "retention_policy_days": 7,
                    "version": "1.0"
                  }
                ],
                "logging": [
                  {
                    "delete": false,
                    "read": false,
                    "retention_policy_days": 0,
                    "version": "1.0",
                    "write": false
                  }
                ],
                "minute_metrics": [
                  {
                    "enabled": false,
                    "include_apis": false,
                    "retention_policy_days": 0,
                    "version": "1.0"
                  }
                ]
              }
            ],
            "resource_group_name": "sqlserverdemo",
            "secondary_access_key": "+nkOX5fT0LGE6HBF8DhAfSlOkGRG2lq3B+dL0rpEAyjfIzbHlWlmkCNMjqAi4ul64BVP2uQAjc23gaEwqQHnTw==",
            "secondary_blob_connection_string": "",
            "secondary_blob_endpoint": null,
            "secondary_blob_host": null,
            "secondary_connection_string": "DefaultEndpointsProtocol=https;AccountName=sqlhacloudwitnessiim;AccountKey=+nkOX5fT0LGE6HBF8DhAfSlOkGRG2lq3B+dL0rpEAyjfIzbHlWlmkCNMjqAi4ul64BVP2uQAjc23gaEwqQHnTw==;EndpointSuffix=core.windows.net",
            "secondary_dfs_endpoint": null,
            "secondary_dfs_host": null,
            "secondary_file_endpoint": null,
            "secondary_file_host": null,
            "secondary_location": "westus",
            "secondary_queue_endpoint": null,
            "secondary_queue_host": null,
            "secondary_table_endpoint": null,
            "secondary_table_host": null,
            "secondary_web_endpoint": null,
            "secondary_web_host": null,
            "static_website": [],
            "tags": null,
            "timeouts": null
          },
          "sensitive_attributes": [],
          "private": "eyJlMmJmYjczMC1lY2FhLTExZTYtOGY4OC0zNDM2M2JjN2M0YzAiOnsiY3JlYXRlIjozNjAwMDAwMDAwMDAwLCJkZWxldGUiOjM2MDAwMDAwMDAwMDAsInJlYWQiOjMwMDAwMDAwMDAwMCwidXBkYXRlIjozNjAwMDAwMDAwMDAwfSwic2NoZW1hX3ZlcnNpb24iOiIyIn0=",
          "dependencies": [
            "random_string.accountname"
          ]
        }
      ]
    },
    {
      "mode": "managed",
      "type": "azurerm_storage_account_network_rules",
      "name": "cloudwitness-networkrule",
      "provider": "provider[\"registry.terraform.io/hashicorp/azurerm\"]",
      "instances": [
        {
          "schema_version": 0,
          "attributes": {
            "bypass": [
              "None"
            ],
            "default_action": "Allow",
            "id": "/subscriptions/ea530251-d69d-4566-9d7a-60d0f85909f3/resourceGroups/sqlserverdemo/providers/Microsoft.Storage/storageAccounts/sqlhacloudwitnessiim",
            "ip_rules": [],
            "resource_group_name": "sqlserverdemo",
            "storage_account_name": "sqlhacloudwitnessiim",
            "timeouts": null,
            "virtual_network_subnet_ids": [
              "/subscriptions/ea530251-d69d-4566-9d7a-60d0f85909f3/resourceGroups/sqlserverdemo/providers/Microsoft.Network/virtualNetworks/network-1/subnets/dbsubnet"
            ]
          },
          "sensitive_attributes": [],
          "private": "eyJlMmJmYjczMC1lY2FhLTExZTYtOGY4OC0zNDM2M2JjN2M0YzAiOnsiY3JlYXRlIjozNjAwMDAwMDAwMDAwLCJkZWxldGUiOjM2MDAwMDAwMDAwMDAsInJlYWQiOjMwMDAwMDAwMDAwMCwidXBkYXRlIjozNjAwMDAwMDAwMDAwfX0=",
          "dependencies": [
            "azurerm_storage_account.cloudwitness",
            "data.azurerm_subnet.dbsubnet",
            "random_string.accountname"
          ]
        }
      ]
    },
    {
      "mode": "managed",
      "type": "azurerm_storage_container",
      "name": "witness",
      "provider": "provider[\"registry.terraform.io/hashicorp/azurerm\"]",
      "instances": [
        {
          "schema_version": 1,
          "attributes": {
            "container_access_type": "private",
            "has_immutability_policy": false,
            "has_legal_hold": false,
            "id": "https://sqlhacloudwitnessiim.blob.core.windows.net/sql-cloud-witness",
            "metadata": {},
            "name": "sql-cloud-witness",
            "resource_manager_id": "/subscriptions/ea530251-d69d-4566-9d7a-60d0f85909f3/resourceGroups/sqlserverdemo/providers/Microsoft.Storage/storageAccounts/sqlhacloudwitnessiim/blobServices/default/containers/sql-cloud-witness",
            "storage_account_name": "sqlhacloudwitnessiim",
            "timeouts": null
          },
          "sensitive_attributes": [],
          "private": "eyJlMmJmYjczMC1lY2FhLTExZTYtOGY4OC0zNDM2M2JjN2M0YzAiOnsiY3JlYXRlIjoxODAwMDAwMDAwMDAwLCJkZWxldGUiOjE4MDAwMDAwMDAwMDAsInJlYWQiOjMwMDAwMDAwMDAwMCwidXBkYXRlIjoxODAwMDAwMDAwMDAwfSwic2NoZW1hX3ZlcnNpb24iOiIxIn0=",
          "dependencies": [
            "azurerm_storage_account.cloudwitness",
            "random_string.accountname"
          ]
        }
      ]
    },
    {
      "mode": "managed",
      "type": "azurerm_virtual_machine_data_disk_attachment",
      "name": "sql-1-vm-datadisk",
      "provider": "provider[\"registry.terraform.io/hashicorp/azurerm\"]",
      "instances": [
        {
          "schema_version": 0,
          "attributes": {
            "caching": "ReadWrite",
            "create_option": "Attach",
            "id": "/subscriptions/ea530251-d69d-4566-9d7a-60d0f85909f3/resourceGroups/sqlserverdemo/providers/Microsoft.Compute/virtualMachines/sqlserver-1/dataDisks/sqlserver-1-datadisk",
            "lun": 10,
            "managed_disk_id": "/subscriptions/ea530251-d69d-4566-9d7a-60d0f85909f3/resourceGroups/sqlserverdemo/providers/Microsoft.Compute/disks/sqlserver-1-datadisk",
            "timeouts": null,
            "virtual_machine_id": "/subscriptions/ea530251-d69d-4566-9d7a-60d0f85909f3/resourceGroups/sqlserverdemo/providers/Microsoft.Compute/virtualMachines/sqlserver-1",
            "write_accelerator_enabled": false
          },
          "sensitive_attributes": [],
          "private": "eyJlMmJmYjczMC1lY2FhLTExZTYtOGY4OC0zNDM2M2JjN2M0YzAiOnsiY3JlYXRlIjoxODAwMDAwMDAwMDAwLCJkZWxldGUiOjE4MDAwMDAwMDAwMDAsInJlYWQiOjMwMDAwMDAwMDAwMCwidXBkYXRlIjoxODAwMDAwMDAwMDAwfX0=",
          "dependencies": [
            "azurerm_managed_disk.sql-1-vm-datadisk",
            "azurerm_network_interface.sqlserver-nic-1",
            "azurerm_windows_virtual_machine.sql-1-vm",
            "data.azurerm_subnet.dbsubnet"
          ]
        }
      ]
    },
    {
      "mode": "managed",
      "type": "azurerm_virtual_machine_data_disk_attachment",
      "name": "sql-2-vm-datadisk",
      "provider": "provider[\"registry.terraform.io/hashicorp/azurerm\"]",
      "instances": [
        {
          "schema_version": 0,
          "attributes": {
            "caching": "ReadWrite",
            "create_option": "Attach",
            "id": "/subscriptions/ea530251-d69d-4566-9d7a-60d0f85909f3/resourceGroups/sqlserverdemo/providers/Microsoft.Compute/virtualMachines/sqlserver-2/dataDisks/sqlserver-2-datadisk",
            "lun": 10,
            "managed_disk_id": "/subscriptions/ea530251-d69d-4566-9d7a-60d0f85909f3/resourceGroups/sqlserverdemo/providers/Microsoft.Compute/disks/sqlserver-2-datadisk",
            "timeouts": null,
            "virtual_machine_id": "/subscriptions/ea530251-d69d-4566-9d7a-60d0f85909f3/resourceGroups/sqlserverdemo/providers/Microsoft.Compute/virtualMachines/sqlserver-2",
            "write_accelerator_enabled": false
          },
          "sensitive_attributes": [],
          "private": "eyJlMmJmYjczMC1lY2FhLTExZTYtOGY4OC0zNDM2M2JjN2M0YzAiOnsiY3JlYXRlIjoxODAwMDAwMDAwMDAwLCJkZWxldGUiOjE4MDAwMDAwMDAwMDAsInJlYWQiOjMwMDAwMDAwMDAwMCwidXBkYXRlIjoxODAwMDAwMDAwMDAwfX0=",
          "dependencies": [
            "azurerm_managed_disk.sql-2-vm-datadisk",
            "azurerm_network_interface.sqlserver-nic-2",
            "azurerm_windows_virtual_machine.sql-2-vm",
            "data.azurerm_subnet.dbsubnet"
          ]
        }
      ]
    },
    {
      "mode": "managed",
      "type": "azurerm_virtual_machine_extension",
      "name": "sql-1-prep",
      "provider": "provider[\"registry.terraform.io/hashicorp/azurerm\"]",
      "instances": [
        {
          "schema_version": 0,
          "attributes": {
            "auto_upgrade_minor_version": false,
            "id": "/subscriptions/ea530251-d69d-4566-9d7a-60d0f85909f3/resourceGroups/sqlserverdemo/providers/Microsoft.Compute/virtualMachines/sqlserver-1/extensions/sqlserver-1-vm-extension-prep",
            "name": "sqlserver-1-vm-extension-prep",
            "protected_settings": "    {\n      \"commandToExecute\": \"powershell.exe -Command \\\"./prepare-clusternode.ps1 -dnsIP 10.1.1.4; exit 0;\\\"\"\n    }\n",
            "publisher": "Microsoft.Compute",
            "settings": "{\"fileUris\":[\"https://raw.githubusercontent.com/pythianarora/total-practice/master/sample-sql-ha/prepare-clusternode.ps1\"]}",
            "tags": null,
            "timeouts": null,
            "type": "CustomScriptExtension",
            "type_handler_version": "1.9",
            "virtual_machine_id": "/subscriptions/ea530251-d69d-4566-9d7a-60d0f85909f3/resourceGroups/sqlserverdemo/providers/Microsoft.Compute/virtualMachines/sqlserver-1"
          },
          "sensitive_attributes": [],
          "private": "eyJlMmJmYjczMC1lY2FhLTExZTYtOGY4OC0zNDM2M2JjN2M0YzAiOnsiY3JlYXRlIjoxODAwMDAwMDAwMDAwLCJkZWxldGUiOjE4MDAwMDAwMDAwMDAsInJlYWQiOjMwMDAwMDAwMDAwMCwidXBkYXRlIjoxODAwMDAwMDAwMDAwfX0=",
          "dependencies": [
            "azurerm_network_interface.sqlserver-nic-1",
            "azurerm_windows_virtual_machine.sql-1-vm",
            "data.azurerm_subnet.dbsubnet"
          ]
        }
      ]
    },
    {
      "mode": "managed",
      "type": "azurerm_virtual_machine_extension",
      "name": "sql-2-prep",
      "provider": "provider[\"registry.terraform.io/hashicorp/azurerm\"]",
      "instances": [
        {
          "schema_version": 0,
          "attributes": {
            "auto_upgrade_minor_version": false,
            "id": "/subscriptions/ea530251-d69d-4566-9d7a-60d0f85909f3/resourceGroups/sqlserverdemo/providers/Microsoft.Compute/virtualMachines/sqlserver-2/extensions/sqlserver-2-vm-extension-prep",
            "name": "sqlserver-2-vm-extension-prep",
            "protected_settings": "    {\n      \"commandToExecute\": \"powershell.exe -Command \\\"./prepare-clusternode.ps1 -dnsIP 10.1.1.4; exit 0;\\\"\"\n    }\n",
            "publisher": "Microsoft.Compute",
            "settings": "{\"fileUris\":[\"https://raw.githubusercontent.com/pythianarora/total-practice/master/sample-sql-ha/prepare-clusternode.ps1\"]}",
            "tags": null,
            "timeouts": null,
            "type": "CustomScriptExtension",
            "type_handler_version": "1.9",
            "virtual_machine_id": "/subscriptions/ea530251-d69d-4566-9d7a-60d0f85909f3/resourceGroups/sqlserverdemo/providers/Microsoft.Compute/virtualMachines/sqlserver-2"
          },
          "sensitive_attributes": [],
          "private": "eyJlMmJmYjczMC1lY2FhLTExZTYtOGY4OC0zNDM2M2JjN2M0YzAiOnsiY3JlYXRlIjoxODAwMDAwMDAwMDAwLCJkZWxldGUiOjE4MDAwMDAwMDAwMDAsInJlYWQiOjMwMDAwMDAwMDAwMCwidXBkYXRlIjoxODAwMDAwMDAwMDAwfX0=",
          "dependencies": [
            "azurerm_network_interface.sqlserver-nic-2",
            "azurerm_windows_virtual_machine.sql-2-vm",
            "data.azurerm_subnet.dbsubnet"
          ]
        }
      ]
    },
    {
      "mode": "managed",
      "type": "azurerm_windows_virtual_machine",
      "name": "sql-1-vm",
      "provider": "provider[\"registry.terraform.io/hashicorp/azurerm\"]",
      "instances": [
        {
          "schema_version": 0,
          "attributes": {
            "additional_capabilities": [],
            "additional_unattend_content": [],
            "admin_password": "P@$$w0rd4321!",
            "admin_username": "localadmin",
            "allow_extension_operations": true,
            "availability_set_id": "",
            "boot_diagnostics": [],
            "computer_name": "sqlserver-1",
            "custom_data": null,
            "dedicated_host_id": "",
            "enable_automatic_updates": true,
            "encryption_at_host_enabled": false,
            "eviction_policy": "",
            "extensions_time_budget": "PT1H30M",
            "id": "/subscriptions/ea530251-d69d-4566-9d7a-60d0f85909f3/resourceGroups/sqlserverdemo/providers/Microsoft.Compute/virtualMachines/sqlserver-1",
            "identity": [],
            "license_type": "",
            "location": "eastus",
            "max_bid_price": -1,
            "name": "sqlserver-1",
            "network_interface_ids": [
              "/subscriptions/ea530251-d69d-4566-9d7a-60d0f85909f3/resourceGroups/sqlserverdemo/providers/Microsoft.Network/networkInterfaces/sqlserver-1-nic"
            ],
            "os_disk": [
              {
                "caching": "ReadWrite",
                "diff_disk_settings": [],
                "disk_encryption_set_id": "",
                "disk_size_gb": 127,
                "name": "sqlserver-1-osdisk",
                "storage_account_type": "StandardSSD_LRS",
                "write_accelerator_enabled": false
              }
            ],
            "patch_mode": "AutomaticByOS",
            "plan": [],
            "platform_fault_domain": -1,
            "priority": "Regular",
            "private_ip_address": "10.1.0.10",
            "private_ip_addresses": [
              "10.1.0.10"
            ],
            "provision_vm_agent": true,
            "proximity_placement_group_id": "",
            "public_ip_address": "",
            "public_ip_addresses": [],
            "resource_group_name": "sqlserverdemo",
            "secret": [],
            "size": "Standard_DS1_v2",
            "source_image_id": "",
            "source_image_reference": [
              {
                "offer": "sql2019-ws2019",
                "publisher": "MicrosoftSQLServer",
                "sku": "enterprise",
                "version": "latest"
              }
            ],
            "tags": null,
            "timeouts": null,
            "timezone": "",
            "virtual_machine_id": "51b93c28-a464-42ca-93ba-0e08fe720ff7",
            "virtual_machine_scale_set_id": "",
            "winrm_listener": [],
            "zone": "1"
          },
          "sensitive_attributes": [
            [
              {
                "type": "get_attr",
                "value": "admin_password"
              }
            ]
          ],
          "private": "eyJlMmJmYjczMC1lY2FhLTExZTYtOGY4OC0zNDM2M2JjN2M0YzAiOnsiY3JlYXRlIjoyNzAwMDAwMDAwMDAwLCJkZWxldGUiOjI3MDAwMDAwMDAwMDAsInJlYWQiOjMwMDAwMDAwMDAwMCwidXBkYXRlIjoyNzAwMDAwMDAwMDAwfX0=",
          "dependencies": [
            "azurerm_network_interface.sqlserver-nic-1",
            "data.azurerm_subnet.dbsubnet"
          ]
        }
      ]
    },
    {
      "mode": "managed",
      "type": "azurerm_windows_virtual_machine",
      "name": "sql-2-vm",
      "provider": "provider[\"registry.terraform.io/hashicorp/azurerm\"]",
      "instances": [
        {
          "schema_version": 0,
          "attributes": {
            "additional_capabilities": [],
            "additional_unattend_content": [],
            "admin_password": "P@$$w0rd4321!",
            "admin_username": "localadmin",
            "allow_extension_operations": true,
            "availability_set_id": "",
            "boot_diagnostics": [],
            "computer_name": "sqlserver-2",
            "custom_data": null,
            "dedicated_host_id": "",
            "enable_automatic_updates": true,
            "encryption_at_host_enabled": false,
            "eviction_policy": "",
            "extensions_time_budget": "PT1H30M",
            "id": "/subscriptions/ea530251-d69d-4566-9d7a-60d0f85909f3/resourceGroups/sqlserverdemo/providers/Microsoft.Compute/virtualMachines/sqlserver-2",
            "identity": [],
            "license_type": "",
            "location": "eastus",
            "max_bid_price": -1,
            "name": "sqlserver-2",
            "network_interface_ids": [
              "/subscriptions/ea530251-d69d-4566-9d7a-60d0f85909f3/resourceGroups/sqlserverdemo/providers/Microsoft.Network/networkInterfaces/sqlserver-2-nic"
            ],
            "os_disk": [
              {
                "caching": "ReadWrite",
                "diff_disk_settings": [],
                "disk_encryption_set_id": "",
                "disk_size_gb": 127,
                "name": "sqlserver-2-osdisk",
                "storage_account_type": "StandardSSD_LRS",
                "write_accelerator_enabled": false
              }
            ],
            "patch_mode": "AutomaticByOS",
            "plan": [],
            "platform_fault_domain": -1,
            "priority": "Regular",
            "private_ip_address": "10.1.0.11",
            "private_ip_addresses": [
              "10.1.0.11"
            ],
            "provision_vm_agent": true,
            "proximity_placement_group_id": "",
            "public_ip_address": "",
            "public_ip_addresses": [],
            "resource_group_name": "sqlserverdemo",
            "secret": [],
            "size": "Standard_DS1_v2",
            "source_image_id": "",
            "source_image_reference": [
              {
                "offer": "sql2019-ws2019",
                "publisher": "MicrosoftSQLServer",
                "sku": "enterprise",
                "version": "latest"
              }
            ],
            "tags": null,
            "timeouts": null,
            "timezone": "",
            "virtual_machine_id": "1eb0922a-0d97-4491-8f01-03af0fb84d87",
            "virtual_machine_scale_set_id": "",
            "winrm_listener": [],
            "zone": "2"
          },
          "sensitive_attributes": [
            [
              {
                "type": "get_attr",
                "value": "admin_password"
              }
            ]
          ],
          "private": "eyJlMmJmYjczMC1lY2FhLTExZTYtOGY4OC0zNDM2M2JjN2M0YzAiOnsiY3JlYXRlIjoyNzAwMDAwMDAwMDAwLCJkZWxldGUiOjI3MDAwMDAwMDAwMDAsInJlYWQiOjMwMDAwMDAwMDAwMCwidXBkYXRlIjoyNzAwMDAwMDAwMDAwfX0=",
          "dependencies": [
            "azurerm_network_interface.sqlserver-nic-2",
            "data.azurerm_subnet.dbsubnet"
          ]
        }
      ]
    },
    {
      "mode": "managed",
      "type": "random_string",
      "name": "accountname",
      "provider": "provider[\"registry.terraform.io/hashicorp/random\"]",
      "instances": [
        {
          "schema_version": 1,
          "attributes": {
            "id": "iim06e",
            "keepers": null,
            "length": 6,
            "lower": true,
            "min_lower": 0,
            "min_numeric": 0,
            "min_special": 0,
            "min_upper": 0,
            "number": true,
            "override_special": null,
            "result": "iim06e",
            "special": false,
            "upper": false
          },
          "sensitive_attributes": [],
          "private": "eyJzY2hlbWFfdmVyc2lvbiI6IjEifQ=="
        }
      ]
    }
  ]
}
